
Microsoft Visual Studio Solution File, Format Version 12.00
# Visual Studio Version 17
VisualStudioVersion = 17.6.33712.159
MinimumVisualStudioVersion = 10.0.40219.1
Project("{FAE04EC0-301F-11D3-BF4B-00C04F79EFBC}") = "webapi_core", "webapi_core.csproj", "{34AA36DF-570C-4F23-A664-185E2932ED1F}"
EndProject
Global
	GlobalSection(SolutionConfigurationPlatforms) = preSolution
		Debug|Any CPU = Debug|Any CPU
		Release|Any CPU = Release|Any CPU
	EndGlobalSection
	GlobalSection(ProjectConfigurationPlatforms) = postSolution
		{34AA36DF-570C-4F23-A664-185E2932ED1F}.Debug|Any CPU.ActiveCfg = Debug|Any CPU
		{34AA36DF-570C-4F23-A664-185E2932ED1F}.Debug|Any CPU.Build.0 = Debug|Any CPU
		{34AA36DF-570C-4F23-A664-185E2932ED1F}.Release|Any CPU.ActiveCfg = Release|Any CPU
		{34AA36DF-570C-4F23-A664-185E2932ED1F}.Release|Any CPU.Build.0 = Release|Any CPU
	EndGlobalSection
	GlobalSection(SolutionProperties) = preSolution
		HideSolutionNode = FALSE
	EndGlobalSection
	GlobalSection(ExtensibilityGlobals) = postSolution
		SolutionGuid = {F1342634-3CCA-483A-A4CE-086EC8880D6A}
	EndGlobalSection
EndGlobal
